# GENERATED FILE - DO NOT EDIT DIRECTLY
schema_version: 1

bundle:
  version: "0.4.0-dev"
  release_sequence: 0
  channel: "development"
  source_tree_digest: "sha256:06ae92d2a69d4fd9925c09f62f4076069ae97ca85bddc654e888d4f9bbd8c31c"
  digest: "sha256:b7f75a6d7be5dad40546ff8f62defad780877c0e6d9ab9850a225def578d9bc4"

projection:
  input_digest: "sha256:b878f8d44000a08686cc3ec79309442dd3c88028540adf3868a88f81e078cef5"
  output_digest: "sha256:a030041bf8a030bccd71a7a32f60860dd86275b755978c886481564a1001fc17"
  files:
    - path: ".gds/compiled-policy.json"
      digest: "sha256:e5090fdf588120480f153a27a0607dc4b8f2ec58fe29c3de5894e5f69b4cb3e1"
