# GENERATED FILE - DO NOT EDIT DIRECTLY
schema_version: 1

bundle:
  version: "0.9.4-dev"
  release_sequence: 0
  channel: "development"
  source_tree_digest: "sha256:b1c334df899c661304dc45ef29898df24ff4a6ddffd2a6ca4d6f1f795d585189"
  digest: "sha256:2e43d9c95645e293cdd35ec43adbbbfed2977c2cfd430365c6b3a7ce856a7261"

projection:
  input_digest: "sha256:d14447926f23725114340c2314c1d6bba31dd145c3ce8914bad31942c6300dc7"
  output_digest: "sha256:fd61b73a79627a9124b2bba93ced6e71ae2fce0f7148bbc2e9f42d524458f46d"
  files:
    - path: ".gds/compiled-policy.json"
      digest: "sha256:4fd0c503707971719a97a3166a113c82987ad748690663bee8159732d710c84d"
