# GENERATED FILE - DO NOT EDIT DIRECTLY
schema_version: 1

bundle:
  version: "0.1.0-dev"
  release_sequence: 0
  channel: "development"
  source_commit: "02b9382e77ac77dead3c3a8551dea5f2e3b38fb8"
  digest: "sha256:80b16fa64db325d20544cd6602c8d853f65a42092dd381bc0e59b0d56379548a"

projection:
  input_digest: "sha256:26dfefa9fdfa8302de8a301a86c3944bcab65ed7625e34e09988a29066c27397"
  output_digest: "sha256:9695024be112b2d581db6cd17e0e89d143f54768549dcd35b3193318ab26615e"
  files:
    - path: ".gds/compiled-policy.json"
      digest: "sha256:db4f9d4ac16143ac5156317709be979eeb05fa0dcd3bf6296841178caa310a25"
